// !$*UTF8*$!
{
	archiveVersion = 1;
	classes = {
	};
	objectVersion = 50;
	objects = {

/* Begin PBXBuildFile section */
		CE1A5E6D2932CC3100575896 /* NotificationGenerator.swift in Sources */ = {isa = PBXBuildFile; fileRef = CE1A5E6C2932CC3100575896 /* NotificationGenerator.swift */; };
		CE52F3AA292D4A6B0030A6A8 /* AddSubmissionViewController.swift in Sources */ = {isa = PBXBuildFile; fileRef = CE52F3A9292D4A6B0030A6A8 /* AddSubmissionViewController.swift */; };
		CE52F3AC292D4ECF0030A6A8 /* HomeTableViewController.swift in Sources */ = {isa = PBXBuildFile; fileRef = CE52F3AB292D4ECF0030A6A8 /* HomeTableViewController.swift */; };
		CE52F3AE292D504C0030A6A8 /* HomeTableViewCell.swift in Sources */ = {isa = PBXBuildFile; fileRef = CE52F3AD292D504C0030A6A8 /* HomeTableViewCell.swift */; };
		CE55720129354B7300FB9A6C /* UpdateSubmissionViewController.swift in Sources */ = {isa = PBXBuildFile; fileRef = CE55720029354B7300FB9A6C /* UpdateSubmissionViewController.swift */; };
		CE6BF2BF293C1DF6009CBD60 /* WellDoneViewController.swift in Sources */ = {isa = PBXBuildFile; fileRef = CE6BF2BE293C1DF6009CBD60 /* WellDoneViewController.swift */; };
		CE7884222932E78600D00A55 /* NotificationCenter.framework in Frameworks */ = {isa = PBXBuildFile; fileRef = CE7884212932E78600D00A55 /* NotificationCenter.framework */; };
		CE7884252932E78600D00A55 /* TodayViewController.swift in Sources */ = {isa = PBXBuildFile; fileRef = CE7884242932E78600D00A55 /* TodayViewController.swift */; };
		CE7884282932E78600D00A55 /* MainInterface.storyboard in Resources */ = {isa = PBXBuildFile; fileRef = CE7884262932E78600D00A55 /* MainInterface.storyboard */; };
		CE78842C2932E78600D00A55 /* Widget.appex in Embed App Extensions */ = {isa = PBXBuildFile; fileRef = CE78841F2932E78600D00A55 /* Widget.appex */; settings = {ATTRIBUTES = (RemoveHeadersOnCopy, ); }; };
		CE7884322933048B00D00A55 /* UpcomingTableViewCell.swift in Sources */ = {isa = PBXBuildFile; fileRef = CE7884312933048B00D00A55 /* UpcomingTableViewCell.swift */; };
		CE7FBC45291B2E40002B76D6 /* AppDelegate.swift in Sources */ = {isa = PBXBuildFile; fileRef = CE7FBC44291B2E40002B76D6 /* AppDelegate.swift */; };
		CE7FBC47291B2E40002B76D6 /* SceneDelegate.swift in Sources */ = {isa = PBXBuildFile; fileRef = CE7FBC46291B2E40002B76D6 /* SceneDelegate.swift */; };
		CE7FBC49291B2E40002B76D6 /* ViewController.swift in Sources */ = {isa = PBXBuildFile; fileRef = CE7FBC48291B2E40002B76D6 /* ViewController.swift */; };
		CE7FBC4C291B2E40002B76D6 /* Main.storyboard in Resources */ = {isa = PBXBuildFile; fileRef = CE7FBC4A291B2E40002B76D6 /* Main.storyboard */; };
		CE7FBC4E291B2E41002B76D6 /* Assets.xcassets in Resources */ = {isa = PBXBuildFile; fileRef = CE7FBC4D291B2E41002B76D6 /* Assets.xcassets */; };
		CE7FBC51291B2E41002B76D6 /* LaunchScreen.storyboard in Resources */ = {isa = PBXBuildFile; fileRef = CE7FBC4F291B2E41002B76D6 /* LaunchScreen.storyboard */; };
		CE7FBC5F291B3A0B002B76D6 /* UserObject.swift in Sources */ = {isa = PBXBuildFile; fileRef = CE7FBC5E291B3A0B002B76D6 /* UserObject.swift */; };
		CE7FBC63291B4A01002B76D6 /* HomeViewController.swift in Sources */ = {isa = PBXBuildFile; fileRef = CE7FBC62291B4A01002B76D6 /* HomeViewController.swift */; };
		CE7FBC65291B4A32002B76D6 /* SignUpViewController.swift in Sources */ = {isa = PBXBuildFile; fileRef = CE7FBC64291B4A32002B76D6 /* SignUpViewController.swift */; };
		CE7FBC67291B5154002B76D6 /* LocalStorageManager.swift in Sources */ = {isa = PBXBuildFile; fileRef = CE7FBC66291B5154002B76D6 /* LocalStorageManager.swift */; };
		CE7FBC6B291B7AF8002B76D6 /* SubmissionObject.swift in Sources */ = {isa = PBXBuildFile; fileRef = CE7FBC6A291B7AF8002B76D6 /* SubmissionObject.swift */; };
/* End PBXBuildFile section */

/* Begin PBXContainerItemProxy section */
		CE78842A2932E78600D00A55 /* PBXContainerItemProxy */ = {
			isa = PBXContainerItemProxy;
			containerPortal = CE7FBC39291B2E40002B76D6 /* Project object */;
			proxyType = 1;
			remoteGlobalIDString = CE78841E2932E78600D00A55;
			remoteInfo = Widget;
		};
/* End PBXContainerItemProxy section */

/* Begin PBXCopyFilesBuildPhase section */
		CE78842D2932E78600D00A55 /* Embed App Extensions */ = {
			isa = PBXCopyFilesBuildPhase;
			buildActionMask = 2147483647;
			dstPath = "";
			dstSubfolderSpec = 13;
			files = (
				CE78842C2932E78600D00A55 /* Widget.appex in Embed App Extensions */,
			);
			name = "Embed App Extensions";
			runOnlyForDeploymentPostprocessing = 0;
		};
/* End PBXCopyFilesBuildPhase section */

/* Begin PBXFileReference section */
		CE1A5E6C2932CC3100575896 /* NotificationGenerator.swift */ = {isa = PBXFileReference; lastKnownFileType = sourcecode.swift; path = NotificationGenerator.swift; sourceTree = "<group>"; };
		CE52F3A9292D4A6B0030A6A8 /* AddSubmissionViewController.swift */ = {isa = PBXFileReference; lastKnownFileType = sourcecode.swift; path = AddSubmissionViewController.swift; sourceTree = "<group>"; };
		CE52F3AB292D4ECF0030A6A8 /* HomeTableViewController.swift */ = {isa = PBXFileReference; lastKnownFileType = sourcecode.swift; path = HomeTableViewController.swift; sourceTree = "<group>"; };
		CE52F3AD292D504C0030A6A8 /* HomeTableViewCell.swift */ = {isa = PBXFileReference; lastKnownFileType = sourcecode.swift; path = HomeTableViewCell.swift; sourceTree = "<group>"; };
		CE55720029354B7300FB9A6C /* UpdateSubmissionViewController.swift */ = {isa = PBXFileReference; lastKnownFileType = sourcecode.swift; path = UpdateSubmissionViewController.swift; sourceTree = "<group>"; };
		CE6BF2BE293C1DF6009CBD60 /* WellDoneViewController.swift */ = {isa = PBXFileReference; lastKnownFileType = sourcecode.swift; path = WellDoneViewController.swift; sourceTree = "<group>"; };
		CE78841F2932E78600D00A55 /* Widget.appex */ = {isa = PBXFileReference; explicitFileType = "wrapper.app-extension"; includeInIndex = 0; path = Widget.appex; sourceTree = BUILT_PRODUCTS_DIR; };
		CE7884212932E78600D00A55 /* NotificationCenter.framework */ = {isa = PBXFileReference; lastKnownFileType = wrapper.framework; name = NotificationCenter.framework; path = System/Library/Frameworks/NotificationCenter.framework; sourceTree = SDKROOT; };
		CE7884242932E78600D00A55 /* TodayViewController.swift */ = {isa = PBXFileReference; lastKnownFileType = sourcecode.swift; path = TodayViewController.swift; sourceTree = "<group>"; };
		CE7884272932E78600D00A55 /* Base */ = {isa = PBXFileReference; lastKnownFileType = file.storyboard; name = Base; path = Base.lproj/MainInterface.storyboard; sourceTree = "<group>"; };
		CE7884292932E78600D00A55 /* Info.plist */ = {isa = PBXFileReference; lastKnownFileType = text.plist.xml; path = Info.plist; sourceTree = "<group>"; };
		CE7884312933048B00D00A55 /* UpcomingTableViewCell.swift */ = {isa = PBXFileReference; lastKnownFileType = sourcecode.swift; path = UpcomingTableViewCell.swift; sourceTree = "<group>"; };
		CE7FBC41291B2E40002B76D6 /* Exam_Buddy.app */ = {isa = PBXFileReference; explicitFileType = wrapper.application; includeInIndex = 0; path = Exam_Buddy.app; sourceTree = BUILT_PRODUCTS_DIR; };
		CE7FBC44291B2E40002B76D6 /* AppDelegate.swift */ = {isa = PBXFileReference; lastKnownFileType = sourcecode.swift; path = AppDelegate.swift; sourceTree = "<group>"; };
		CE7FBC46291B2E40002B76D6 /* SceneDelegate.swift */ = {isa = PBXFileReference; lastKnownFileType = sourcecode.swift; path = SceneDelegate.swift; sourceTree = "<group>"; };
		CE7FBC48291B2E40002B76D6 /* ViewController.swift */ = {isa = PBXFileReference; lastKnownFileType = sourcecode.swift; path = ViewController.swift; sourceTree = "<group>"; };
		CE7FBC4B291B2E40002B76D6 /* Base */ = {isa = PBXFileReference; lastKnownFileType = file.storyboard; name = Base; path = Base.lproj/Main.storyboard; sourceTree = "<group>"; };
		CE7FBC4D291B2E41002B76D6 /* Assets.xcassets */ = {isa = PBXFileReference; lastKnownFileType = folder.assetcatalog; path = Assets.xcassets; sourceTree = "<group>"; };
		CE7FBC50291B2E41002B76D6 /* Base */ = {isa = PBXFileReference; lastKnownFileType = file.storyboard; name = Base; path = Base.lproj/LaunchScreen.storyboard; sourceTree = "<group>"; };
		CE7FBC52291B2E41002B76D6 /* Info.plist */ = {isa = PBXFileReference; lastKnownFileType = text.plist.xml; path = Info.plist; sourceTree = "<group>"; };
		CE7FBC5E291B3A0B002B76D6 /* UserObject.swift */ = {isa = PBXFileReference; lastKnownFileType = sourcecode.swift; path = UserObject.swift; sourceTree = "<group>"; };
		CE7FBC62291B4A01002B76D6 /* HomeViewController.swift */ = {isa = PBXFileReference; lastKnownFileType = sourcecode.swift; path = HomeViewController.swift; sourceTree = "<group>"; };
		CE7FBC64291B4A32002B76D6 /* SignUpViewController.swift */ = {isa = PBXFileReference; lastKnownFileType = sourcecode.swift; path = SignUpViewController.swift; sourceTree = "<group>"; };
		CE7FBC66291B5154002B76D6 /* LocalStorageManager.swift */ = {isa = PBXFileReference; lastKnownFileType = sourcecode.swift; path = LocalStorageManager.swift; sourceTree = "<group>"; };
		CE7FBC6A291B7AF8002B76D6 /* SubmissionObject.swift */ = {isa = PBXFileReference; lastKnownFileType = sourcecode.swift; path = SubmissionObject.swift; sourceTree = "<group>"; };
/* End PBXFileReference section */

/* Begin PBXFrameworksBuildPhase section */
		CE78841C2932E78600D00A55 /* Frameworks */ = {
			isa = PBXFrameworksBuildPhase;
			buildActionMask = 2147483647;
			files = (
				CE7884222932E78600D00A55 /* NotificationCenter.framework in Frameworks */,
			);
			runOnlyForDeploymentPostprocessing = 0;
		};
		CE7FBC3E291B2E40002B76D6 /* Frameworks */ = {
			isa = PBXFrameworksBuildPhase;
			buildActionMask = 2147483647;
			files = (
			);
			runOnlyForDeploymentPostprocessing = 0;
		};
/* End PBXFrameworksBuildPhase section */

/* Begin PBXGroup section */
		CE7884202932E78600D00A55 /* Frameworks */ = {
			isa = PBXGroup;
			children = (
				CE7884212932E78600D00A55 /* NotificationCenter.framework */,
			);
			name = Frameworks;
			sourceTree = "<group>";
		};
		CE7884232932E78600D00A55 /* Widget */ = {
			isa = PBXGroup;
			children = (
				CE7884242932E78600D00A55 /* TodayViewController.swift */,
				CE7884262932E78600D00A55 /* MainInterface.storyboard */,
				CE7884292932E78600D00A55 /* Info.plist */,
			);
			path = Widget;
			sourceTree = "<group>";
		};
		CE7FBC38291B2E40002B76D6 = {
			isa = PBXGroup;
			children = (
				CE7FBC43291B2E40002B76D6 /* Exam_Buddy */,
				CE7884232932E78600D00A55 /* Widget */,
				CE7884202932E78600D00A55 /* Frameworks */,
				CE7FBC42291B2E40002B76D6 /* Products */,
			);
			sourceTree = "<group>";
		};
		CE7FBC42291B2E40002B76D6 /* Products */ = {
			isa = PBXGroup;
			children = (
				CE7FBC41291B2E40002B76D6 /* Exam_Buddy.app */,
				CE78841F2932E78600D00A55 /* Widget.appex */,
			);
			name = Products;
			sourceTree = "<group>";
		};
		CE7FBC43291B2E40002B76D6 /* Exam_Buddy */ = {
			isa = PBXGroup;
			children = (
				CE7FBC5D291B39DB002B76D6 /* Model */,
				CE7FBC44291B2E40002B76D6 /* AppDelegate.swift */,
				CE7FBC46291B2E40002B76D6 /* SceneDelegate.swift */,
				CE7FBC48291B2E40002B76D6 /* ViewController.swift */,
				CE7FBC4A291B2E40002B76D6 /* Main.storyboard */,
				CE7FBC4D291B2E41002B76D6 /* Assets.xcassets */,
				CE7FBC4F291B2E41002B76D6 /* LaunchScreen.storyboard */,
				CE7FBC52291B2E41002B76D6 /* Info.plist */,
				CE7FBC62291B4A01002B76D6 /* HomeViewController.swift */,
				CE7FBC64291B4A32002B76D6 /* SignUpViewController.swift */,
				CE7FBC66291B5154002B76D6 /* LocalStorageManager.swift */,
				CE52F3A9292D4A6B0030A6A8 /* AddSubmissionViewController.swift */,
				CE52F3AB292D4ECF0030A6A8 /* HomeTableViewController.swift */,
				CE52F3AD292D504C0030A6A8 /* HomeTableViewCell.swift */,
				CE1A5E6C2932CC3100575896 /* NotificationGenerator.swift */,
				CE7884312933048B00D00A55 /* UpcomingTableViewCell.swift */,
				CE55720029354B7300FB9A6C /* UpdateSubmissionViewController.swift */,
				CE6BF2BE293C1DF6009CBD60 /* WellDoneViewController.swift */,
			);
			path = Exam_Buddy;
			sourceTree = "<group>";
		};
		CE7FBC5D291B39DB002B76D6 /* Model */ = {
			isa = PBXGroup;
			children = (
				CE7FBC5E291B3A0B002B76D6 /* UserObject.swift */,
				CE7FBC6A291B7AF8002B76D6 /* SubmissionObject.swift */,
			);
			path = Model;
			sourceTree = "<group>";
		};
/* End PBXGroup section */

/* Begin PBXNativeTarget section */
		CE78841E2932E78600D00A55 /* Widget */ = {
			isa = PBXNativeTarget;
			buildConfigurationList = CE7884302932E78600D00A55 /* Build configuration list for PBXNativeTarget "Widget" */;
			buildPhases = (
				CE78841B2932E78600D00A55 /* Sources */,
				CE78841C2932E78600D00A55 /* Frameworks */,
				CE78841D2932E78600D00A55 /* Resources */,
			);
			buildRules = (
			);
			dependencies = (
			);
			name = Widget;
			productName = Widget;
			productReference = CE78841F2932E78600D00A55 /* Widget.appex */;
			productType = "com.apple.product-type.app-extension";
		};
		CE7FBC40291B2E40002B76D6 /* Exam_Buddy */ = {
			isa = PBXNativeTarget;
			buildConfigurationList = CE7FBC55291B2E41002B76D6 /* Build configuration list for PBXNativeTarget "Exam_Buddy" */;
			buildPhases = (
				CE7FBC3D291B2E40002B76D6 /* Sources */,
				CE7FBC3E291B2E40002B76D6 /* Frameworks */,
				CE7FBC3F291B2E40002B76D6 /* Resources */,
				CE78842D2932E78600D00A55 /* Embed App Extensions */,
			);
			buildRules = (
			);
			dependencies = (
				CE78842B2932E78600D00A55 /* PBXTargetDependency */,
			);
			name = Exam_Buddy;
			productName = Exam_Buddy;
			productReference = CE7FBC41291B2E40002B76D6 /* Exam_Buddy.app */;
			productType = "com.apple.product-type.application";
		};
/* End PBXNativeTarget section */

/* Begin PBXProject section */
		CE7FBC39291B2E40002B76D6 /* Project object */ = {
			isa = PBXProject;
			attributes = {
				LastSwiftUpdateCheck = 1150;
				LastUpgradeCheck = 1150;
				ORGANIZATIONNAME = Nirosha;
				TargetAttributes = {
					CE78841E2932E78600D00A55 = {
						CreatedOnToolsVersion = 11.5;
					};
					CE7FBC40291B2E40002B76D6 = {
						CreatedOnToolsVersion = 11.5;
					};
				};
			};
			buildConfigurationList = CE7FBC3C291B2E40002B76D6 /* Build configuration list for PBXProject "Exam_Buddy" */;
			compatibilityVersion = "Xcode 9.3";
			developmentRegion = en;
			hasScannedForEncodings = 0;
			knownRegions = (
				en,
				Base,
			);
			mainGroup = CE7FBC38291B2E40002B76D6;
			productRefGroup = CE7FBC42291B2E40002B76D6 /* Products */;
			projectDirPath = "";
			projectRoot = "";
			targets = (
				CE7FBC40291B2E40002B76D6 /* Exam_Buddy */,
				CE78841E2932E78600D00A55 /* Widget */,
			);
		};
/* End PBXProject section */

/* Begin PBXResourcesBuildPhase section */
		CE78841D2932E78600D00A55 /* Resources */ = {
			isa = PBXResourcesBuildPhase;
			buildActionMask = 2147483647;
			files = (
				CE7884282932E78600D00A55 /* MainInterface.storyboard in Resources */,
			);
			runOnlyForDeploymentPostprocessing = 0;
		};
		CE7FBC3F291B2E40002B76D6 /* Resources */ = {
			isa = PBXResourcesBuildPhase;
			buildActionMask = 2147483647;
			files = (
				CE7FBC51291B2E41002B76D6 /* LaunchScreen.storyboard in Resources */,
				CE7FBC4E291B2E41002B76D6 /* Assets.xcassets in Resources */,
				CE7FBC4C291B2E40002B76D6 /* Main.storyboard in Resources */,
			);
			runOnlyForDeploymentPostprocessing = 0;
		};
/* End PBXResourcesBuildPhase section */

/* Begin PBXSourcesBuildPhase section */
		CE78841B2932E78600D00A55 /* Sources */ = {
			isa = PBXSourcesBuildPhase;
			buildActionMask = 2147483647;
			files = (
				CE7884252932E78600D00A55 /* TodayViewController.swift in Sources */,
			);
			runOnlyForDeploymentPostprocessing = 0;
		};
		CE7FBC3D291B2E40002B76D6 /* Sources */ = {
			isa = PBXSourcesBuildPhase;
			buildActionMask = 2147483647;
			files = (
				CE7884322933048B00D00A55 /* UpcomingTableViewCell.swift in Sources */,
				CE1A5E6D2932CC3100575896 /* NotificationGenerator.swift in Sources */,
				CE7FBC65291B4A32002B76D6 /* SignUpViewController.swift in Sources */,
				CE55720129354B7300FB9A6C /* UpdateSubmissionViewController.swift in Sources */,
				CE7FBC63291B4A01002B76D6 /* HomeViewController.swift in Sources */,
				CE7FBC49291B2E40002B76D6 /* ViewController.swift in Sources */,
				CE7FBC6B291B7AF8002B76D6 /* SubmissionObject.swift in Sources */,
				CE52F3AC292D4ECF0030A6A8 /* HomeTableViewController.swift in Sources */,
				CE52F3AE292D504C0030A6A8 /* HomeTableViewCell.swift in Sources */,
				CE7FBC5F291B3A0B002B76D6 /* UserObject.swift in Sources */,
				CE7FBC45291B2E40002B76D6 /* AppDelegate.swift in Sources */,
				CE7FBC47291B2E40002B76D6 /* SceneDelegate.swift in Sources */,
				CE6BF2BF293C1DF6009CBD60 /* WellDoneViewController.swift in Sources */,
				CE7FBC67291B5154002B76D6 /* LocalStorageManager.swift in Sources */,
				CE52F3AA292D4A6B0030A6A8 /* AddSubmissionViewController.swift in Sources */,
			);
			runOnlyForDeploymentPostprocessing = 0;
		};
/* End PBXSourcesBuildPhase section */

/* Begin PBXTargetDependency section */
		CE78842B2932E78600D00A55 /* PBXTargetDependency */ = {
			isa = PBXTargetDependency;
			target = CE78841E2932E78600D00A55 /* Widget */;
			targetProxy = CE78842A2932E78600D00A55 /* PBXContainerItemProxy */;
		};
/* End PBXTargetDependency section */

/* Begin PBXVariantGroup section */
		CE7884262932E78600D00A55 /* MainInterface.storyboard */ = {
			isa = PBXVariantGroup;
			children = (
				CE7884272932E78600D00A55 /* Base */,
			);
			name = MainInterface.storyboard;
			sourceTree = "<group>";
		};
		CE7FBC4A291B2E40002B76D6 /* Main.storyboard */ = {
			isa = PBXVariantGroup;
			children = (
				CE7FBC4B291B2E40002B76D6 /* Base */,
			);
			name = Main.storyboard;
			sourceTree = "<group>";
		};
		CE7FBC4F291B2E41002B76D6 /* LaunchScreen.storyboard */ = {
			isa = PBXVariantGroup;
			children = (
				CE7FBC50291B2E41002B76D6 /* Base */,
			);
			name = LaunchScreen.storyboard;
			sourceTree = "<group>";
		};
/* End PBXVariantGroup section */

/* Begin XCBuildConfiguration section */
		CE78842E2932E78600D00A55 /* Debug */ = {
			isa = XCBuildConfiguration;
			buildSettings = {
				CODE_SIGN_STYLE = Automatic;
				INFOPLIST_FILE = Widget/Info.plist;
				LD_RUNPATH_SEARCH_PATHS = (
					"$(inherited)",
					"@executable_path/Frameworks",
					"@executable_path/../../Frameworks",
				);
				PRODUCT_BUNDLE_IDENTIFIER = "com.example.lp.Exam-Buddy.Widget";
				PRODUCT_NAME = "$(TARGET_NAME)";
				SKIP_INSTALL = YES;
				SWIFT_VERSION = 5.0;
				TARGETED_DEVICE_FAMILY = "1,2";
			};
			name = Debug;
		};
		CE78842F2932E78600D00A55 /* Release */ = {
			isa = XCBuildConfiguration;
			buildSettings = {
				CODE_SIGN_STYLE = Automatic;
				INFOPLIST_FILE = Widget/Info.plist;
				LD_RUNPATH_SEARCH_PATHS = (
					"$(inherited)",
					"@executable_path/Frameworks",
					"@executable_path/../../Frameworks",
				);
				PRODUCT_BUNDLE_IDENTIFIER = "com.example.lp.Exam-Buddy.Widget";
				PRODUCT_NAME = "$(TARGET_NAME)";
				SKIP_INSTALL = YES;
				SWIFT_VERSION = 5.0;
				TARGETED_DEVICE_FAMILY = "1,2";
			};
			name = Release;
		};
		CE7FBC53291B2E41002B76D6 /* Debug */ = {
			isa = XCBuildConfiguration;
			buildSettings = {
				ALWAYS_SEARCH_USER_PATHS = NO;
				CLANG_ANALYZER_NONNULL = YES;
				CLANG_ANALYZER_NUMBER_OBJECT_CONVERSION = YES_AGGRESSIVE;
				CLANG_CXX_LANGUAGE_STANDARD = "gnu++14";
				CLANG_CXX_LIBRARY = "libc++";
				CLANG_ENABLE_MODULES = YES;
				CLANG_ENABLE_OBJC_ARC = YES;
				CLANG_ENABLE_OBJC_WEAK = YES;
				CLANG_WARN_BLOCK_CAPTURE_AUTORELEASING = YES;
				CLANG_WARN_BOOL_CONVERSION = YES;
				CLANG_WARN_COMMA = YES;
				CLANG_WARN_CONSTANT_CONVERSION = YES;
				CLANG_WARN_DEPRECATED_OBJC_IMPLEMENTATIONS = YES;
				CLANG_WARN_DIRECT_OBJC_ISA_USAGE = YES_ERROR;
				CLANG_WARN_DOCUMENTATION_COMMENTS = YES;
				CLANG_WARN_EMPTY_BODY = YES;
				CLANG_WARN_ENUM_CONVERSION = YES;
				CLANG_WARN_INFINITE_RECURSION = YES;
				CLANG_WARN_INT_CONVERSION = YES;
				CLANG_WARN_NON_LITERAL_NULL_CONVERSION = YES;
				CLANG_WARN_OBJC_IMPLICIT_RETAIN_SELF = YES;
				CLANG_WARN_OBJC_LITERAL_CONVERSION = YES;
				CLANG_WARN_OBJC_ROOT_CLASS = YES_ERROR;
				CLANG_WARN_RANGE_LOOP_ANALYSIS = YES;
				CLANG_WARN_STRICT_PROTOTYPES = YES;
				CLANG_WARN_SUSPICIOUS_MOVE = YES;
				CLANG_WARN_UNGUARDED_AVAILABILITY = YES_AGGRESSIVE;
				CLANG_WARN_UNREACHABLE_CODE = YES;
				CLANG_WARN__DUPLICATE_METHOD_MATCH = YES;
				COPY_PHASE_STRIP = NO;
				DEBUG_INFORMATION_FORMAT = dwarf;
				ENABLE_STRICT_OBJC_MSGSEND = YES;
				ENABLE_TESTABILITY = YES;
				GCC_C_LANGUAGE_STANDARD = gnu11;
				GCC_DYNAMIC_NO_PIC = NO;
				GCC_NO_COMMON_BLOCKS = YES;
				GCC_OPTIMIZATION_LEVEL = 0;
				GCC_PREPROCESSOR_DEFINITIONS = (
					"DEBUG=1",
					"$(inherited)",
				);
				GCC_WARN_64_TO_32_BIT_CONVERSION = YES;
				GCC_WARN_ABOUT_RETURN_TYPE = YES_ERROR;
				GCC_WARN_UNDECLARED_SELECTOR = YES;
				GCC_WARN_UNINITIALIZED_AUTOS = YES_AGGRESSIVE;
				GCC_WARN_UNUSED_FUNCTION = YES;
				GCC_WARN_UNUSED_VARIABLE = YES;
				IPHONEOS_DEPLOYMENT_TARGET = 13.5;
				MTL_ENABLE_DEBUG_INFO = INCLUDE_SOURCE;
				MTL_FAST_MATH = YES;
				ONLY_ACTIVE_ARCH = YES;
				SDKROOT = iphoneos;
				SWIFT_ACTIVE_COMPILATION_CONDITIONS = DEBUG;
				SWIFT_OPTIMIZATION_LEVEL = "-Onone";
			};
			name = Debug;
		};
		CE7FBC54291B2E41002B76D6 /* Release */ = {
			isa = XCBuildConfiguration;
			buildSettings = {
				ALWAYS_SEARCH_USER_PATHS = NO;
				CLANG_ANALYZER_NONNULL = YES;
				CLANG_ANALYZER_NUMBER_OBJECT_CONVERSION = YES_AGGRESSIVE;
				CLANG_CXX_LANGUAGE_STANDARD = "gnu++14";
				CLANG_CXX_LIBRARY = "libc++";
				CLANG_ENABLE_MODULES = YES;
				CLANG_ENABLE_OBJC_ARC = YES;
				CLANG_ENABLE_OBJC_WEAK = YES;
				CLANG_WARN_BLOCK_CAPTURE_AUTORELEASING = YES;
				CLANG_WARN_BOOL_CONVERSION = YES;
				CLANG_WARN_COMMA = YES;
				CLANG_WARN_CONSTANT_CONVERSION = YES;
				CLANG_WARN_DEPRECATED_OBJC_IMPLEMENTATIONS = YES;
				CLANG_WARN_DIRECT_OBJC_ISA_USAGE = YES_ERROR;
				CLANG_WARN_DOCUMENTATION_COMMENTS = YES;
				CLANG_WARN_EMPTY_BODY = YES;
				CLANG_WARN_ENUM_CONVERSION = YES;
				CLANG_WARN_INFINITE_RECURSION = YES;
				CLANG_WARN_INT_CONVERSION = YES;
				CLANG_WARN_NON_LITERAL_NULL_CONVERSION = YES;
				CLANG_WARN_OBJC_IMPLICIT_RETAIN_SELF = YES;
				CLANG_WARN_OBJC_LITERAL_CONVERSION = YES;
				CLANG_WARN_OBJC_ROOT_CLASS = YES_ERROR;
				CLANG_WARN_RANGE_LOOP_ANALYSIS = YES;
				CLANG_WARN_STRICT_PROTOTYPES = YES;
				CLANG_WARN_SUSPICIOUS_MOVE = YES;
				CLANG_WARN_UNGUARDED_AVAILABILITY = YES_AGGRESSIVE;
				CLANG_WARN_UNREACHABLE_CODE = YES;
				CLANG_WARN__DUPLICATE_METHOD_MATCH = YES;
				COPY_PHASE_STRIP = NO;
				DEBUG_INFORMATION_FORMAT = "dwarf-with-dsym";
				ENABLE_NS_ASSERTIONS = NO;
				ENABLE_STRICT_OBJC_MSGSEND = YES;
				GCC_C_LANGUAGE_STANDARD = gnu11;
				GCC_NO_COMMON_BLOCKS = YES;
				GCC_WARN_64_TO_32_BIT_CONVERSION = YES;
				GCC_WARN_ABOUT_RETURN_TYPE = YES_ERROR;
				GCC_WARN_UNDECLARED_SELECTOR = YES;
				GCC_WARN_UNINITIALIZED_AUTOS = YES_AGGRESSIVE;
				GCC_WARN_UNUSED_FUNCTION = YES;
				GCC_WARN_UNUSED_VARIABLE = YES;
				IPHONEOS_DEPLOYMENT_TARGET = 13.5;
				MTL_ENABLE_DEBUG_INFO = NO;
				MTL_FAST_MATH = YES;
				SDKROOT = iphoneos;
				SWIFT_COMPILATION_MODE = wholemodule;
				SWIFT_OPTIMIZATION_LEVEL = "-O";
				VALIDATE_PRODUCT = YES;
			};
			name = Release;
		};
		CE7FBC56291B2E41002B76D6 /* Debug */ = {
			isa = XCBuildConfiguration;
			buildSettings = {
				ALWAYS_EMBED_SWIFT_STANDARD_LIBRARIES = YES;
				ASSETCATALOG_COMPILER_APPICON_NAME = AppIcon;
				CODE_SIGN_STYLE = Automatic;
				INFOPLIST_FILE = Exam_Buddy/Info.plist;
				LD_RUNPATH_SEARCH_PATHS = (
					"$(inherited)",
					"@executable_path/Frameworks",
				);
				PRODUCT_BUNDLE_IDENTIFIER = "com.example.lp.Exam-Buddy";
				PRODUCT_NAME = "$(TARGET_NAME)";
				SWIFT_VERSION = 5.0;
				TARGETED_DEVICE_FAMILY = "1,2";
			};
			name = Debug;
		};
		CE7FBC57291B2E41002B76D6 /* Release */ = {
			isa = XCBuildConfiguration;
			buildSettings = {
				ALWAYS_EMBED_SWIFT_STANDARD_LIBRARIES = YES;
				ASSETCATALOG_COMPILER_APPICON_NAME = AppIcon;
				CODE_SIGN_STYLE = Automatic;
				INFOPLIST_FILE = Exam_Buddy/Info.plist;
				LD_RUNPATH_SEARCH_PATHS = (
					"$(inherited)",
					"@executable_path/Frameworks",
				);
				PRODUCT_BUNDLE_IDENTIFIER = "com.example.lp.Exam-Buddy";
				PRODUCT_NAME = "$(TARGET_NAME)";
				SWIFT_VERSION = 5.0;
				TARGETED_DEVICE_FAMILY = "1,2";
			};
			name = Release;
		};
/* End XCBuildConfiguration section */

/* Begin XCConfigurationList section */
		CE7884302932E78600D00A55 /* Build configuration list for PBXNativeTarget "Widget" */ = {
			isa = XCConfigurationList;
			buildConfigurations = (
				CE78842E2932E78600D00A55 /* Debug */,
				CE78842F2932E78600D00A55 /* Release */,
			);
			defaultConfigurationIsVisible = 0;
			defaultConfigurationName = Release;
		};
		CE7FBC3C291B2E40002B76D6 /* Build configuration list for PBXProject "Exam_Buddy" */ = {
			isa = XCConfigurationList;
			buildConfigurations = (
				CE7FBC53291B2E41002B76D6 /* Debug */,
				CE7FBC54291B2E41002B76D6 /* Release */,
			);
			defaultConfigurationIsVisible = 0;
			defaultConfigurationName = Release;
		};
		CE7FBC55291B2E41002B76D6 /* Build configuration list for PBXNativeTarget "Exam_Buddy" */ = {
			isa = XCConfigurationList;
			buildConfigurations = (
				CE7FBC56291B2E41002B76D6 /* Debug */,
				CE7FBC57291B2E41002B76D6 /* Release */,
			);
			defaultConfigurationIsVisible = 0;
			defaultConfigurationName = Release;
		};
/* End XCConfigurationList section */
	};
	rootObject = CE7FBC39291B2E40002B76D6 /* Project object */;
}
